
Microsoft Visual Studio Solution File, Format Version 12.00
Project("{FAE04EC0-301F-11D3-BF4B-00C04F79EFBC}") = "SwaggerThemes", "SwaggerThemes\SwaggerThemes.csproj", "{7E0BD97D-F12D-4928-97AA-780949FFC161}"
EndProject
Project("{FAE04EC0-301F-11D3-BF4B-00C04F79EFBC}") = "SwaggerThemes.Sample", "SwaggerThemes.Sample\SwaggerThemes.Sample.csproj", "{70F25CFB-C225-4027-8E6C-21C66C8B1C72}"
EndProject
Global
	GlobalSection(SolutionConfigurationPlatforms) = preSolution
		Debug|Any CPU = Debug|Any CPU
		Release|Any CPU = Release|Any CPU
	EndGlobalSection
	GlobalSection(ProjectConfigurationPlatforms) = postSolution
		{7E0BD97D-F12D-4928-97AA-780949FFC161}.Debug|Any CPU.ActiveCfg = Debug|Any CPU
		{7E0BD97D-F12D-4928-97AA-780949FFC161}.Debug|Any CPU.Build.0 = Debug|Any CPU
		{7E0BD97D-F12D-4928-97AA-780949FFC161}.Release|Any CPU.ActiveCfg = Release|Any CPU
		{7E0BD97D-F12D-4928-97AA-780949FFC161}.Release|Any CPU.Build.0 = Release|Any CPU
		{70F25CFB-C225-4027-8E6C-21C66C8B1C72}.Debug|Any CPU.ActiveCfg = Debug|Any CPU
		{70F25CFB-C225-4027-8E6C-21C66C8B1C72}.Debug|Any CPU.Build.0 = Debug|Any CPU
		{70F25CFB-C225-4027-8E6C-21C66C8B1C72}.Release|Any CPU.ActiveCfg = Release|Any CPU
		{70F25CFB-C225-4027-8E6C-21C66C8B1C72}.Release|Any CPU.Build.0 = Release|Any CPU
	EndGlobalSection
	GlobalSection(NestedProjects) = preSolution
	EndGlobalSection
EndGlobal
